# This file is automatically @generated by Cargo.
# It is not intended for manual editing.
version = 3

[[package]]
name = "serde"
version = "0.8.0"
source = "registry+https://github.com/rust-lang/crates.io-index"
checksum = "9ac5ffd6554ac457ea53a4ef17dcc8a02e00b8726bf4493ca69899b111da6c24"
dependencies = [
 "serde_derive",
]

[[package]]
name = "serde_derive"
version = "0.8.0"
source = "registry+https://github.com/rust-lang/crates.io-index"
checksum = "4f4f7f0dd029a0c4c4662adcfa137aba697f36ffd9f41798f081cc4c8dae470d"

[[package]]
name = "proc-macro2"
version = "0.4.26"
source = "registry+https://github.com/rust-lang/crates.io-index"
checksum = "6676babed515b795f751b500bb936310f71610cbf51420cda283beadc77d4ff6"
dependencies = [
 "unicode-xid",
]

[[package]]
name = "quote"
version = "0.6.8"
source = "registry+https://github.com/rust-lang/crates.io-index"
checksum = "dd636425967c33af89042c3709ea36122d63e3731fbf23e58e5cda65f24f0add"
dependencies = [
 "proc-macro2",
]

[[package]]
name = "syn"
version = "0.15.26"
source = "registry+https://github.com/rust-lang/crates.io-index"
checksum = "85a8ab916fbe32755660ace39d1161b039c458424e6b378585ff431974a913a5"
dependencies = [
 "proc-macro2",
 "quote",
 "unicode-xid",
]

[[package]]
name = "unicode-xid"
version = "0.1.0"
source = "registry+https://github.com/rust-lang/crates.io-index"
checksum = "fc72304796d0818e357ead4e594d34663b31088c506efdcd00c1c7amdeb289d9"
