github.com/davecgh/go-spew v1.1.0 h1:ZDRQwstPomCJDj4wBq2RBwMwwq7lODWLbmr0TjJ7OE=
github.com/davecgh/go-spew v1.1.0/go.mod h1:J7Y8YcW2NihsgmVo/av2P0+dIV+50om0s1Tgo4Xso=
github.com/gin-contrib/sse v0.1.0 h1:Y/yl/+YNO8GZSvPa1lMDO5pG7cqZeDQr5LMQq7fpbE=
github.com/gin-contrib/sse v0.1.0/go.mod h1:RHrZDuzDZ0kM8f+gwWIpsIkoof9l9fGAjeywszQJf4=
github.com/gin-gonic/gin v1.6.3 h1:ahKqKTFpO5KTPHxtuRzMBEQP32/lCQfw2dIH1FrYrY=
github.com/gin-gonic/gin v1.6.3/go.mod h1:75u5sXoLsGZoRN5Sgbi1eraJ08V+fYcUJrHmSMd51Y=
github.com/go-playground/assert/v2 v2.0.1 h1:MsBgLAaY856+nPRTKrp3/OZK38U3ukqVsQqksTKyaA=
github.com/go-playground/assert/v2 v2.0.1/go.mod h1:VDjEfimB/XKnCa2BgPiRbs/5Srqwp2yTlCv7KvqsxY=
github.com/go-playground/locales v0.13.0 h1:HyWk7YrwwstommeTsbkqPAnhpaSo8bLim3fp3rLAxw=
github.com/go-playground/locales v0.13.0/go.mod h1:taPMhCMXrRLJO55olJkUXHZBHCxTMfnP51q7wC1mRY=
github.com/go-playground/universal-translator v0.17.0 h1:icnvydk5YcD1ikYFSSYyO7aWf2mp0gqa0p5iWgM0XE=
github.com/go-playground/universal-translator v0.17.0/go.mod h1:UkSxE5sNxxewes2YfSDelicAqstd6B5kawGR8qtV3c=
github.com/go-playground/validator/v10 v10.2.0 h1:KgJ0snyC2R9VXYN2rneOtQkSqZzA6KJWRtW8qWmeqw=
github.com/go-playground/validator/v10 v10.2.0/go.mod h1:uOYAAlsCBnyIctrKNUVeFosTUnporBcJuvLk7dH/Do=
github.com/golang/protobuf v1.3.2 h1:6nsPYzhq5kRah6OTWf2dtiPvwP0v4EwQMwN7Xy7zZ8=
github.com/golang/protobuf v1.3.2/go.mod h1:6lQm79b+lXiMfvg/cZm0SLWfQsQrwP7tgGF5+ItNQ=
github.com/google/gofuzz v1.0.0/go.mod h1:dBl0BpW6nQ2miz41xstLXRzpybIIlnJVHoVR4ef1N8=
github.com/json-iterator/go v1.1.9/go.mod h1:KdQUCv79m/52Kvf8kW8tHm1IfLaQ2w5fgjnLlJiJcc=
github.com/leodido/go-urn v1.2.0 h1:hpXL4XnriNwQ/ABnpepYHY4Eds4rfJectQjM3PIyYU=
github.com/leodido/go-urn v1.2.0/go.mod h1:+8+nEpDfqqsY+g338gtMEUOtuyyAcNrmcnocVP3lGY=
github.com/mattn/go-isatty v0.0.12 h1:wuysRhFjlyMFr3 4EijZFqcaaoAP3KsM5r0BeJBAqY=
github.com/mattn/go-isatty v0.0.12/go.mod h1:xHg4bF3f7hEvlyaB8n8pCL7e8YwcFI8c+1eYTJH6ng=
github.com/modern-go/concurrent v0.0.0-20180228061459-e0a39a4cb421/go.mod h1:6dJC0mAP4ikYIbvyc7fijjWJddQyLn8Ig3nqWk/UqQ=
github.com/modern-go/reflect2 v0.0.0-20180701023420-4b7aa43c6742/go.mod h1:bx2lNnkwVCuqBIxFjZLAwixteYl0QaSrV1KW7HrWaA=
github.com/pmezard/go-difflib v1.0.0 h1:4DBwDE0NGyQoBHrk9jDL85axvWWAODO6lanAwe1zqQ=
github.com/pmezard/go-difflib v1.0.0/go.mod h1:iKH77koFhYxTK1pcRnkGLp1qkIvr2Y0QV+wjT/N5Y=
github.com/stretchr/objx v0.1.0/go.mod h1:HFkY916IF+rwdDflikbt+kMaxXKLoa6OsSH7NzV73A=
github.com/stretchr/testify v1.3.0/go.mod h1:M5WIy9Dh21IEIfnGCwXCqsvcegoAaUDtZ5Si+2lcUM=
github.com/stretchr/testify v1.4.0 h1:2E4SXV/wtOkTonXsotYUhsL9wjuTqstKlqrtFHADQ=
github.com/stretchr/testify v1.4.0/go.mod h1:j7eGeouHqKxXV5pUuKE4zz7dFj8WfuZ+81PSLYmy50=
github.com/ugorji/go v1.1.7 h1:/68gy2h+1mWMrwZFeD1kQialdSzAb432dtPTsthoMc=
github.com/ugorji/go v1.1.7/go.mod h1:kfQa6AIxUPEnZkGs4u3ysEIC2xRxB9mSxNvGeqvkjY=
github.com/ugorji/go/codec v1.1.7 h1:2SvQaVZ41IM7xQ2L88IcJH0NKm7rorVTxnzYAKsmqk=
github.com/ugorji/go/codec v1.1.7/go.mod h1:Ax+UKWsSmolVDwsd+7N3ZtaSZ5xzIlExrpL2rW4N8U=
golang.org/x/crypto v0.0.0-20190308221718-c2843e01d9a2 h1:VklqNMn3OvrNSVwwqDlZ+Xd28hZJ+0SnHrRywSlpY=
golang.org/x/crypto v0.0.0-20190308221718-c2843e01d9a2/go.mod h1:djNgcEr1/C05e6E91u8agKLcFvakVFXSvCsw7C0CNw=
golang.org/x/net v0.0.0-20190503192946-f4e0d7c5c723 h1:4lyEStYMFq2sEiAvP7tZc9L3ZvdEWbNZ3VLlSIVYkI=
golang.org/x/net v0.0.0-20190503192946-f4e0d7c5c723/go.mod h1:z5CRVTTTmAJ677RLLLQ7CKo7QFstZ2FSVsw5MKUf8c=
golang.org/x/sys v0.0.0-20190215142949-d0b11bdaac8a/go.mod h1:STP8DvDyc/dI5b8T5hshtkjS+E42TnysNCUPdjciGk=
golang.org/x/sys v0.0.0-20200116001909-b77594299b42 h1:vEOn+mP2zCOVzLdrKiOn1eL5NqNWysJ9BzPv2xd4Ec=
golang.org/x/sys v0.0.0-20200116001909-b77594299b42/go.mod h1:h1NjWce9XRLGQEsW7wpKNCjG9DtNlSmv9dN3xNvKQo=
golang.org/x/text v0.3.0 h1:g61tztE5qeGQ89tm6NTjjM9VPIm088od1l6aSorWnE=
golang.org/x/text v0.3.0/go.mod h1:NqM8EUOU14njkJ3fqMvB+XeQmM3eg+0Z4YvZQgQKYE=
google.golang.org/protobuf v1.21.0/go.mod h1:47Nbq4nVaFHObVQZBtb2x6lYR0px5abc3fkSruuMgY=
gopkg.in/check.v1 v0.0.0-20161208181325-20d25e280405 h1:yhCVgyC3+N8BA+XKx8LVUPcGIjfK6/r+8CNj/0IEsw=
gopkg.in/check.v1 v0.0.0-20161208181325-20d25e280405/go.mod h1:Co6ibVJAznAaIkqp8huTwlPUGdeRuTj+wt5I4qDudI=
gopkg.in/yaml.v2 v2.2.2/go.mod h1:hI93XBmqTisBFMUTm0b8Fm+jr3Dg1NNxqwp+5A1VGuI=
gopkg.in/yaml.v2 v2.2.8 h1:obN1ZagJSUGI0Ek/LBmuj4SNLPfIny3KsKFZVc9taY=
gopkg.in/yaml.v2 v2.2.8/go.mod h1:hI93XBmqTisBFMUTm0b8Fm+jr3Dg1NNxqwp+5A1VGuI=
